
Microsoft Visual Studio Solution File, Format Version 12.00
# Visual Studio 2015
Project("{FAE04EC0-301F-11D3-BF4B-00C04F79EFBC}") = "Assembly-CSharp", "Assembly-CSharp.csproj", "{AB68A6C6-BAB0-007E-0DC3-51233A2E2FE3}"
EndProject
Project("{FAE04EC0-301F-11D3-BF4B-00C04F79EFBC}") = "Assembly-CSharp-firstpass", "Assembly-CSharp-firstpass.csproj", "{3AEFBEDC-D0DF-170D-C982-3363761259E5}"
EndProject
Project("{FAE04EC0-301F-11D3-BF4B-00C04F79EFBC}") = "Assembly-CSharp-Editor-firstpass", "Assembly-CSharp-Editor-firstpass.csproj", "{EB85F07F-8544-711A-DC32-463AEA5C3840}"
EndProject
Global
	GlobalSection(SolutionConfigurationPlatforms) = preSolution
		Debug|Any CPU = Debug|Any CPU
		Release|Any CPU = Release|Any CPU
	EndGlobalSection
	GlobalSection(ProjectConfigurationPlatforms) = postSolution
		{AB68A6C6-BAB0-007E-0DC3-51233A2E2FE3}.Debug|Any CPU.ActiveCfg = Debug|Any CPU
		{AB68A6C6-BAB0-007E-0DC3-51233A2E2FE3}.Debug|Any CPU.Build.0 = Debug|Any CPU
		{AB68A6C6-BAB0-007E-0DC3-51233A2E2FE3}.Release|Any CPU.ActiveCfg = Release|Any CPU
		{AB68A6C6-BAB0-007E-0DC3-51233A2E2FE3}.Release|Any CPU.Build.0 = Release|Any CPU
		{3AEFBEDC-D0DF-170D-C982-3363761259E5}.Debug|Any CPU.ActiveCfg = Debug|Any CPU
		{3AEFBEDC-D0DF-170D-C982-3363761259E5}.Debug|Any CPU.Build.0 = Debug|Any CPU
		{3AEFBEDC-D0DF-170D-C982-3363761259E5}.Release|Any CPU.ActiveCfg = Release|Any CPU
		{3AEFBEDC-D0DF-170D-C982-3363761259E5}.Release|Any CPU.Build.0 = Release|Any CPU
		{EB85F07F-8544-711A-DC32-463AEA5C3840}.Debug|Any CPU.ActiveCfg = Debug|Any CPU
		{EB85F07F-8544-711A-DC32-463AEA5C3840}.Debug|Any CPU.Build.0 = Debug|Any CPU
		{EB85F07F-8544-711A-DC32-463AEA5C3840}.Release|Any CPU.ActiveCfg = Release|Any CPU
		{EB85F07F-8544-711A-DC32-463AEA5C3840}.Release|Any CPU.Build.0 = Release|Any CPU
	EndGlobalSection
	GlobalSection(SolutionProperties) = preSolution
		HideSolutionNode = FALSE
	EndGlobalSection
EndGlobal
